
Microsoft Visual Studio Solution File, Format Version 12.00
# Visual Studio 2012
Project("{FAE04EC0-301F-11D3-BF4B-00C04F79EFBC}") = "G3D.Converter.Batch", "G3D.Converter.Batch\G3D.Converter.Batch.csproj", "{A0DDE6BC-ADFE-4BD3-96AF-82CA771C961A}"
	ProjectSection(ProjectDependencies) = postProject
		{A9E49269-37B6-4F97-8A94-9614896448CD} = {A9E49269-37B6-4F97-8A94-9614896448CD}
	EndProjectSection
EndProject
Project("{FAE04EC0-301F-11D3-BF4B-00C04F79EFBC}") = "G3D.Converter.Converter", "G3D.Converter.Converter\G3D.Converter.Converter.csproj", "{E3551613-EA22-468D-9DD4-5217DA412092}"
EndProject
Project("{8BC9CEB8-8B4A-11D0-8D11-00A0C91BC942}") = "G3D.Converter.Image", "G3D.Converter.Image\G3D.Converter.Image.vcxproj", "{1519AD36-2EA6-4437-B251-3031A9042573}"
EndProject
Project("{FAE04EC0-301F-11D3-BF4B-00C04F79EFBC}") = "G3D.Converter.Plugin", "G3D.Converter.Plugin\G3D.Converter.Plugin.csproj", "{A9E49269-37B6-4F97-8A94-9614896448CD}"
EndProject
Project("{FAE04EC0-301F-11D3-BF4B-00C04F79EFBC}") = "G3D.Converter.Example", "G3D.Converter.Example\G3D.Converter.Example.csproj", "{418CF803-A346-4B69-A1A8-6D7A0208561A}"
EndProject
Global
	GlobalSection(SolutionConfigurationPlatforms) = preSolution
		Debug|Any CPU = Debug|Any CPU
		Debug|Mixed Platforms = Debug|Mixed Platforms
		Debug|Win32 = Debug|Win32
		Release|Any CPU = Release|Any CPU
		Release|Mixed Platforms = Release|Mixed Platforms
		Release|Win32 = Release|Win32
	EndGlobalSection
	GlobalSection(ProjectConfigurationPlatforms) = postSolution
		{A0DDE6BC-ADFE-4BD3-96AF-82CA771C961A}.Debug|Any CPU.ActiveCfg = Debug|Any CPU
		{A0DDE6BC-ADFE-4BD3-96AF-82CA771C961A}.Debug|Any CPU.Build.0 = Debug|Any CPU
		{A0DDE6BC-ADFE-4BD3-96AF-82CA771C961A}.Debug|Mixed Platforms.ActiveCfg = Debug|Any CPU
		{A0DDE6BC-ADFE-4BD3-96AF-82CA771C961A}.Debug|Mixed Platforms.Build.0 = Debug|Any CPU
		{A0DDE6BC-ADFE-4BD3-96AF-82CA771C961A}.Debug|Win32.ActiveCfg = Debug|Any CPU
		{A0DDE6BC-ADFE-4BD3-96AF-82CA771C961A}.Release|Any CPU.ActiveCfg = Release|Any CPU
		{A0DDE6BC-ADFE-4BD3-96AF-82CA771C961A}.Release|Any CPU.Build.0 = Release|Any CPU
		{A0DDE6BC-ADFE-4BD3-96AF-82CA771C961A}.Release|Mixed Platforms.ActiveCfg = Release|Any CPU
		{A0DDE6BC-ADFE-4BD3-96AF-82CA771C961A}.Release|Mixed Platforms.Build.0 = Release|Any CPU
		{A0DDE6BC-ADFE-4BD3-96AF-82CA771C961A}.Release|Win32.ActiveCfg = Release|Any CPU
		{E3551613-EA22-468D-9DD4-5217DA412092}.Debug|Any CPU.ActiveCfg = Debug|Any CPU
		{E3551613-EA22-468D-9DD4-5217DA412092}.Debug|Any CPU.Build.0 = Debug|Any CPU
		{E3551613-EA22-468D-9DD4-5217DA412092}.Debug|Mixed Platforms.ActiveCfg = Debug|Any CPU
		{E3551613-EA22-468D-9DD4-5217DA412092}.Debug|Mixed Platforms.Build.0 = Debug|Any CPU
		{E3551613-EA22-468D-9DD4-5217DA412092}.Debug|Win32.ActiveCfg = Debug|Any CPU
		{E3551613-EA22-468D-9DD4-5217DA412092}.Release|Any CPU.ActiveCfg = Release|Any CPU
		{E3551613-EA22-468D-9DD4-5217DA412092}.Release|Any CPU.Build.0 = Release|Any CPU
		{E3551613-EA22-468D-9DD4-5217DA412092}.Release|Mixed Platforms.ActiveCfg = Release|Any CPU
		{E3551613-EA22-468D-9DD4-5217DA412092}.Release|Mixed Platforms.Build.0 = Release|Any CPU
		{E3551613-EA22-468D-9DD4-5217DA412092}.Release|Win32.ActiveCfg = Release|Any CPU
		{1519AD36-2EA6-4437-B251-3031A9042573}.Debug|Any CPU.ActiveCfg = Debug|Win32
		{1519AD36-2EA6-4437-B251-3031A9042573}.Debug|Mixed Platforms.ActiveCfg = Debug|Win32
		{1519AD36-2EA6-4437-B251-3031A9042573}.Debug|Mixed Platforms.Build.0 = Debug|Win32
		{1519AD36-2EA6-4437-B251-3031A9042573}.Debug|Win32.ActiveCfg = Debug|Win32
		{1519AD36-2EA6-4437-B251-3031A9042573}.Debug|Win32.Build.0 = Debug|Win32
		{1519AD36-2EA6-4437-B251-3031A9042573}.Release|Any CPU.ActiveCfg = Release|Win32
		{1519AD36-2EA6-4437-B251-3031A9042573}.Release|Mixed Platforms.ActiveCfg = Release|Win32
		{1519AD36-2EA6-4437-B251-3031A9042573}.Release|Mixed Platforms.Build.0 = Release|Win32
		{1519AD36-2EA6-4437-B251-3031A9042573}.Release|Win32.ActiveCfg = Release|Win32
		{1519AD36-2EA6-4437-B251-3031A9042573}.Release|Win32.Build.0 = Release|Win32
		{A9E49269-37B6-4F97-8A94-9614896448CD}.Debug|Any CPU.ActiveCfg = Debug|Any CPU
		{A9E49269-37B6-4F97-8A94-9614896448CD}.Debug|Any CPU.Build.0 = Debug|Any CPU
		{A9E49269-37B6-4F97-8A94-9614896448CD}.Debug|Mixed Platforms.ActiveCfg = Debug|Any CPU
		{A9E49269-37B6-4F97-8A94-9614896448CD}.Debug|Mixed Platforms.Build.0 = Debug|Any CPU
		{A9E49269-37B6-4F97-8A94-9614896448CD}.Debug|Win32.ActiveCfg = Debug|Any CPU
		{A9E49269-37B6-4F97-8A94-9614896448CD}.Release|Any CPU.ActiveCfg = Release|Any CPU
		{A9E49269-37B6-4F97-8A94-9614896448CD}.Release|Any CPU.Build.0 = Release|Any CPU
		{A9E49269-37B6-4F97-8A94-9614896448CD}.Release|Mixed Platforms.ActiveCfg = Release|Any CPU
		{A9E49269-37B6-4F97-8A94-9614896448CD}.Release|Mixed Platforms.Build.0 = Release|Any CPU
		{A9E49269-37B6-4F97-8A94-9614896448CD}.Release|Win32.ActiveCfg = Release|Any CPU
		{418CF803-A346-4B69-A1A8-6D7A0208561A}.Debug|Any CPU.ActiveCfg = Debug|Any CPU
		{418CF803-A346-4B69-A1A8-6D7A0208561A}.Debug|Any CPU.Build.0 = Debug|Any CPU
		{418CF803-A346-4B69-A1A8-6D7A0208561A}.Debug|Mixed Platforms.ActiveCfg = Debug|Any CPU
		{418CF803-A346-4B69-A1A8-6D7A0208561A}.Debug|Mixed Platforms.Build.0 = Debug|Any CPU
		{418CF803-A346-4B69-A1A8-6D7A0208561A}.Debug|Win32.ActiveCfg = Debug|Any CPU
		{418CF803-A346-4B69-A1A8-6D7A0208561A}.Release|Any CPU.ActiveCfg = Release|Any CPU
		{418CF803-A346-4B69-A1A8-6D7A0208561A}.Release|Any CPU.Build.0 = Release|Any CPU
		{418CF803-A346-4B69-A1A8-6D7A0208561A}.Release|Mixed Platforms.ActiveCfg = Release|Any CPU
		{418CF803-A346-4B69-A1A8-6D7A0208561A}.Release|Mixed Platforms.Build.0 = Release|Any CPU
		{418CF803-A346-4B69-A1A8-6D7A0208561A}.Release|Win32.ActiveCfg = Release|Any CPU
	EndGlobalSection
	GlobalSection(SolutionProperties) = preSolution
		HideSolutionNode = FALSE
	EndGlobalSection
EndGlobal
